// !$*UTF8*$!
{
	archiveVersion = 1;
	classes = {
	};
	objectVersion = 46;
	objects = {

/* Begin PBXBuildFile section */
		A1813FD31E3F9F74005405FF /* AppDelegate.swift in Sources */ = {isa = PBXBuildFile; fileRef = A1813FD21E3F9F74005405FF /* AppDelegate.swift */; };
		A1813FD51E3F9F74005405FF /* ViewController.swift in Sources */ = {isa = PBXBuildFile; fileRef = A1813FD41E3F9F74005405FF /* ViewController.swift */; };
		A1813FD81E3F9F74005405FF /* Main.storyboard in Resources */ = {isa = PBXBuildFile; fileRef = A1813FD61E3F9F74005405FF /* Main.storyboard */; };
		A1813FDA1E3F9F74005405FF /* Assets.xcassets in Resources */ = {isa = PBXBuildFile; fileRef = A1813FD91E3F9F74005405FF /* Assets.xcassets */; };
		A1813FDD1E3F9F74005405FF /* LaunchScreen.storyboard in Resources */ = {isa = PBXBuildFile; fileRef = A1813FDB1E3F9F74005405FF /* LaunchScreen.storyboard */; };
/* End PBXBuildFile section */

/* Begin PBXFileReference section */
		A1813FCF1E3F9F74005405FF /* StackViewAnimation.app */ = {isa = PBXFileReference; explicitFileType = wrapper.application; includeInIndex = 0; path = StackViewAnimation.app; sourceTree = BUILT_PRODUCTS_DIR; };
		A1813FD21E3F9F74005405FF /* AppDelegate.swift */ = {isa = PBXFileReference; lastKnownFileType = sourcecode.swift; path = AppDelegate.swift; sourceTree = "<group>"; };
		A1813FD41E3F9F74005405FF /* ViewController.swift */ = {isa = PBXFileReference; lastKnownFileType = sourcecode.swift; path = ViewController.swift; sourceTree = "<group>"; };
		A1813FD71E3F9F74005405FF /* Base */ = {isa = PBXFileReference; lastKnownFileType = file.storyboard; name = Base; path = Base.lproj/Main.storyboard; sourceTree = "<group>"; };
		A1813FD91E3F9F74005405FF /* Assets.xcassets */ = {isa = PBXFileReference; lastKnownFileType = folder.assetcatalog; path = Assets.xcassets; sourceTree = "<group>"; };
		A1813FDC1E3F9F74005405FF /* Base */ = {isa = PBXFileReference; lastKnownFileType = file.storyboard; name = Base; path = Base.lproj/LaunchScreen.storyboard; sourceTree = "<group>"; };
		A1813FDE1E3F9F74005405FF /* Info.plist */ = {isa = PBXFileReference; lastKnownFileType = text.plist.xml; path = Info.plist; sourceTree = "<group>"; };
/* End PBXFileReference section */

/* Begin PBXFrameworksBuildPhase section */
		A1813FCC1E3F9F74005405FF /* Frameworks */ = {
			isa = PBXFrameworksBuildPhase;
			buildActionMask = 2147483647;
			files = (
			);
			runOnlyForDeploymentPostprocessing = 0;
		};
/* End PBXFrameworksBuildPhase section */

/* Begin PBXGroup section */
		A1813FC61E3F9F74005405FF = {
			isa = PBXGroup;
			children = (
				A1813FD11E3F9F74005405FF /* StackViewAnimation */,
				A1813FD01E3F9F74005405FF /* Products */,
			);
			sourceTree = "<group>";
		};
		A1813FD01E3F9F74005405FF /* Products */ = {
			isa = PBXGroup;
			children = (
				A1813FCF1E3F9F74005405FF /* StackViewAnimation.app */,
			);
			name = Products;
			sourceTree = "<group>";
		};
		A1813FD11E3F9F74005405FF /* StackViewAnimation */ = {
			isa = PBXGroup;
			children = (
				A1813FD21E3F9F74005405FF /* AppDelegate.swift */,
				A1813FD41E3F9F74005405FF /* ViewController.swift */,
				A1813FD61E3F9F74005405FF /* Main.storyboard */,
				A1813FD91E3F9F74005405FF /* Assets.xcassets */,
				A1813FDB1E3F9F74005405FF /* LaunchScreen.storyboard */,
				A1813FDE1E3F9F74005405FF /* Info.plist */,
			);
			path = StackViewAnimation;
			sourceTree = "<group>";
		};
/* End PBXGroup section */

/* Begin PBXNativeTarget section */
		A1813FCE1E3F9F74005405FF /* StackViewAnimation */ = {
			isa = PBXNativeTarget;
			buildConfigurationList = A1813FE11E3F9F74005405FF /* Build configuration list for PBXNativeTarget "StackViewAnimation" */;
			buildPhases = (
				A1813FCB1E3F9F74005405FF /* Sources */,
				A1813FCC1E3F9F74005405FF /* Frameworks */,
				A1813FCD1E3F9F74005405FF /* Resources */,
			);
			buildRules = (
			);
			dependencies = (
			);
			name = StackViewAnimation;
			productName = StackViewAnimation;
			productReference = A1813FCF1E3F9F74005405FF /* StackViewAnimation.app */;
			productType = "com.apple.product-type.application";
		};
/* End PBXNativeTarget section */

/* Begin PBXProject section */
		A1813FC71E3F9F74005405FF /* Project object */ = {
			isa = PBXProject;
			attributes = {
				LastSwiftUpdateCheck = 0820;
				LastUpgradeCheck = 0820;
				ORGANIZATIONNAME = "DEO NYAMPETA";
				TargetAttributes = {
					A1813FCE1E3F9F74005405FF = {
						CreatedOnToolsVersion = 8.2.1;
						DevelopmentTeam = 75J3UY62ML;
						ProvisioningStyle = Automatic;
					};
				};
			};
			buildConfigurationList = A1813FCA1E3F9F74005405FF /* Build configuration list for PBXProject "StackViewAnimation" */;
			compatibilityVersion = "Xcode 3.2";
			developmentRegion = English;
			hasScannedForEncodings = 0;
			knownRegions = (
				en,
				Base,
			);
			mainGroup = A1813FC61E3F9F74005405FF;
			productRefGroup = A1813FD01E3F9F74005405FF /* Products */;
			projectDirPath = "";
			projectRoot = "";
			targets = (
				A1813FCE1E3F9F74005405FF /* StackViewAnimation */,
			);
		};
/* End PBXProject section */

/* Begin PBXResourcesBuildPhase section */
		A1813FCD1E3F9F74005405FF /* Resources */ = {
			isa = PBXResourcesBuildPhase;
			buildActionMask = 2147483647;
			files = (
				A1813FDD1E3F9F74005405FF /* LaunchScreen.storyboard in Resources */,
				A1813FDA1E3F9F74005405FF /* Assets.xcassets in Resources */,
				A1813FD81E3F9F74005405FF /* Main.storyboard in Resources */,
			);
			runOnlyForDeploymentPostprocessing = 0;
		};
/* End PBXResourcesBuildPhase section */

/* Begin PBXSourcesBuildPhase section */
		A1813FCB1E3F9F74005405FF /* Sources */ = {
			isa = PBXSourcesBuildPhase;
			buildActionMask = 2147483647;
			files = (
				A1813FD51E3F9F74005405FF /* ViewController.swift in Sources */,
				A1813FD31E3F9F74005405FF /* AppDelegate.swift in Sources */,
			);
			runOnlyForDeploymentPostprocessing = 0;
		};
/* End PBXSourcesBuildPhase section */

/* Begin PBXVariantGroup section */
		A1813FD61E3F9F74005405FF /* Main.storyboard */ = {
			isa = PBXVariantGroup;
			children = (
				A1813FD71E3F9F74005405FF /* Base */,
			);
			name = Main.storyboard;
			sourceTree = "<group>";
		};
		A1813FDB1E3F9F74005405FF /* LaunchScreen.storyboard */ = {
			isa = PBXVariantGroup;
			children = (
				A1813FDC1E3F9F74005405FF /* Base */,
			);
			name = LaunchScreen.storyboard;
			sourceTree = "<group>";
		};
/* End PBXVariantGroup section */

/* Begin XCBuildConfiguration section */
		A1813FDF1E3F9F74005405FF /* Debug */ = {
			isa = XCBuildConfiguration;
			buildSettings = {
				ALWAYS_SEARCH_USER_PATHS = NO;
				CLANG_ANALYZER_NONNULL = YES;
				CLANG_CXX_LANGUAGE_STANDARD = "gnu++0x";
				CLANG_CXX_LIBRARY = "libc++";
				CLANG_ENABLE_MODULES = YES;
				CLANG_ENABLE_OBJC_ARC = YES;
				CLANG_WARN_BOOL_CONVERSION = YES;
				CLANG_WARN_CONSTANT_CONVERSION = YES;
				CLANG_WARN_DIRECT_OBJC_ISA_USAGE = YES_ERROR;
				CLANG_WARN_DOCUMENTATION_COMMENTS = YES;
				CLANG_WARN_EMPTY_BODY = YES;
				CLANG_WARN_ENUM_CONVERSION = YES;
				CLANG_WARN_INFINITE_RECURSION = YES;
				CLANG_WARN_INT_CONVERSION = YES;
				CLANG_WARN_OBJC_ROOT_CLASS = YES_ERROR;
				CLANG_WARN_SUSPICIOUS_MOVE = YES;
				CLANG_WARN_UNREACHABLE_CODE = YES;
				CLANG_WARN__DUPLICATE_METHOD_MATCH = YES;
				"CODE_SIGN_IDENTITY[sdk=iphoneos*]" = "iPhone Developer";
				COPY_PHASE_STRIP = NO;
				DEBUG_INFORMATION_FORMAT = dwarf;
				ENABLE_STRICT_OBJC_MSGSEND = YES;
				ENABLE_TESTABILITY = YES;
				GCC_C_LANGUAGE_STANDARD = gnu99;
				GCC_DYNAMIC_NO_PIC = NO;
				GCC_NO_COMMON_BLOCKS = YES;
				GCC_OPTIMIZATION_LEVEL = 0;
				GCC_PREPROCESSOR_DEFINITIONS = (
					"DEBUG=1",
					"$(inherited)",
				);
				GCC_WARN_64_TO_32_BIT_CONVERSION = YES;
				GCC_WARN_ABOUT_RETURN_TYPE = YES_ERROR;
				GCC_WARN_UNDECLARED_SELECTOR = YES;
				GCC_WARN_UNINITIALIZED_AUTOS = YES_AGGRESSIVE;
				GCC_WARN_UNUSED_FUNCTION = YES;
				GCC_WARN_UNUSED_VARIABLE = YES;
				IPHONEOS_DEPLOYMENT_TARGET = 10.2;
				MTL_ENABLE_DEBUG_INFO = YES;
				ONLY_ACTIVE_ARCH = YES;
				SDKROOT = iphoneos;
				SWIFT_ACTIVE_COMPILATION_CONDITIONS = DEBUG;
				SWIFT_OPTIMIZATION_LEVEL = "-Onone";
				TARGETED_DEVICE_FAMILY = "1,2";
			};
			name = Debug;
		};
		A1813FE01E3F9F74005405FF /* Release */ = {
			isa = XCBuildConfiguration;
			buildSettings = {
				ALWAYS_SEARCH_USER_PATHS = NO;
				CLANG_ANALYZER_NONNULL = YES;
				CLANG_CXX_LANGUAGE_STANDARD = "gnu++0x";
				CLANG_CXX_LIBRARY = "libc++";
				CLANG_ENABLE_MODULES = YES;
				CLANG_ENABLE_OBJC_ARC = YES;
				CLANG_WARN_BOOL_CONVERSION = YES;
				CLANG_WARN_CONSTANT_CONVERSION = YES;
				CLANG_WARN_DIRECT_OBJC_ISA_USAGE = YES_ERROR;
				CLANG_WARN_DOCUMENTATION_COMMENTS = YES;
				CLANG_WARN_EMPTY_BODY = YES;
				CLANG_WARN_ENUM_CONVERSION = YES;
				CLANG_WARN_INFINITE_RECURSION = YES;
				CLANG_WARN_INT_CONVERSION = YES;
				CLANG_WARN_OBJC_ROOT_CLASS = YES_ERROR;
				CLANG_WARN_SUSPICIOUS_MOVE = YES;
				CLANG_WARN_UNREACHABLE_CODE = YES;
				CLANG_WARN__DUPLICATE_METHOD_MATCH = YES;
				"CODE_SIGN_IDENTITY[sdk=iphoneos*]" = "iPhone Developer";
				COPY_PHASE_STRIP = NO;
				DEBUG_INFORMATION_FORMAT = "dwarf-with-dsym";
				ENABLE_NS_ASSERTIONS = NO;
				ENABLE_STRICT_OBJC_MSGSEND = YES;
				GCC_C_LANGUAGE_STANDARD = gnu99;
				GCC_NO_COMMON_BLOCKS = YES;
				GCC_WARN_64_TO_32_BIT_CONVERSION = YES;
				GCC_WARN_ABOUT_RETURN_TYPE = YES_ERROR;
				GCC_WARN_UNDECLARED_SELECTOR = YES;
				GCC_WARN_UNINITIALIZED_AUTOS = YES_AGGRESSIVE;
				GCC_WARN_UNUSED_FUNCTION = YES;
				GCC_WARN_UNUSED_VARIABLE = YES;
				IPHONEOS_DEPLOYMENT_TARGET = 10.2;
				MTL_ENABLE_DEBUG_INFO = NO;
				SDKROOT = iphoneos;
				SWIFT_OPTIMIZATION_LEVEL = "-Owholemodule";
				TARGETED_DEVICE_FAMILY = "1,2";
				VALIDATE_PRODUCT = YES;
			};
			name = Release;
		};
		A1813FE21E3F9F74005405FF /* Debug */ = {
			isa = XCBuildConfiguration;
			buildSettings = {
				ASSETCATALOG_COMPILER_APPICON_NAME = AppIcon;
				DEVELOPMENT_TEAM = 75J3UY62ML;
				INFOPLIST_FILE = StackViewAnimation/Info.plist;
				LD_RUNPATH_SEARCH_PATHS = "$(inherited) @executable_path/Frameworks";
				PRODUCT_BUNDLE_IDENTIFIER = Deo.StackViewAnimation;
				PRODUCT_NAME = "$(TARGET_NAME)";
				SWIFT_VERSION = 3.0;
			};
			name = Debug;
		};
		A1813FE31E3F9F74005405FF /* Release */ = {
			isa = XCBuildConfiguration;
			buildSettings = {
				ASSETCATALOG_COMPILER_APPICON_NAME = AppIcon;
				DEVELOPMENT_TEAM = 75J3UY62ML;
				INFOPLIST_FILE = StackViewAnimation/Info.plist;
				LD_RUNPATH_SEARCH_PATHS = "$(inherited) @executable_path/Frameworks";
				PRODUCT_BUNDLE_IDENTIFIER = Deo.StackViewAnimation;
				PRODUCT_NAME = "$(TARGET_NAME)";
				SWIFT_VERSION = 3.0;
			};
			name = Release;
		};
/* End XCBuildConfiguration section */

/* Begin XCConfigurationList section */
		A1813FCA1E3F9F74005405FF /* Build configuration list for PBXProject "StackViewAnimation" */ = {
			isa = XCConfigurationList;
			buildConfigurations = (
				A1813FDF1E3F9F74005405FF /* Debug */,
				A1813FE01E3F9F74005405FF /* Release */,
			);
			defaultConfigurationIsVisible = 0;
			defaultConfigurationName = Release;
		};
		A1813FE11E3F9F74005405FF /* Build configuration list for PBXNativeTarget "StackViewAnimation" */ = {
			isa = XCConfigurationList;
			buildConfigurations = (
				A1813FE21E3F9F74005405FF /* Debug */,
				A1813FE31E3F9F74005405FF /* Release */,
			);
			defaultConfigurationIsVisible = 0;
		};
/* End XCConfigurationList section */
	};
	rootObject = A1813FC71E3F9F74005405FF /* Project object */;
}
